
Microsoft Visual Studio Solution File, Format Version 12.00
# Visual Studio Express 2013 for Windows Desktop
VisualStudioVersion = 12.0.31101.0
MinimumVisualStudioVersion = 10.0.40219.1
Project("{FAE04EC0-301F-11D3-BF4B-00C04F79EFBC}") = "04_HelloCSharp", "4_HelloCSharp\04_HelloCSharp.csproj", "{F66C6F95-95EE-484F-8B72-5EEA90FD73A1}"
EndProject
Project("{FAE04EC0-301F-11D3-BF4B-00C04F79EFBC}") = "05_PrintMyName", "5_PrintMyName\05_PrintMyName.csproj", "{2AC6C45A-0A74-488B-9872-07DA2CEC60A3}"
EndProject
Project("{FAE04EC0-301F-11D3-BF4B-00C04F79EFBC}") = "06_PrintNumbers", "6_PrintNumbers\06_PrintNumbers.csproj", "{4919907B-F157-4C37-91D0-286EF6E6CD45}"
EndProject
Project("{FAE04EC0-301F-11D3-BF4B-00C04F79EFBC}") = "07_PrintFirstLast", "7_PrintFirstLast\07_PrintFirstLast.csproj", "{32B7F16B-5281-4212-95B0-6F0AD761BD6F}"
EndProject
Project("{FAE04EC0-301F-11D3-BF4B-00C04F79EFBC}") = "08_Sqrt", "8_Sqrt\08_Sqrt.csproj", "{C2DE2B6C-7496-4036-90F6-E17E3FC8DEB2}"
EndProject
Project("{FAE04EC0-301F-11D3-BF4B-00C04F79EFBC}") = "09_Sequence", "9_Sequence\09_Sequence.csproj", "{6E3F88E9-AACB-4227-A90F-5637330777FE}"
EndProject
Project("{FAE04EC0-301F-11D3-BF4B-00C04F79EFBC}") = "10_HorribleCode", "10_HorribleCode\10_HorribleCode.csproj", "{09848C9C-2BAD-471D-95A7-D73968C299E8}"
EndProject
Global
	GlobalSection(SolutionConfigurationPlatforms) = preSolution
		Debug|Any CPU = Debug|Any CPU
		Release|Any CPU = Release|Any CPU
	EndGlobalSection
	GlobalSection(ProjectConfigurationPlatforms) = postSolution
		{F66C6F95-95EE-484F-8B72-5EEA90FD73A1}.Debug|Any CPU.ActiveCfg = Debug|Any CPU
		{F66C6F95-95EE-484F-8B72-5EEA90FD73A1}.Debug|Any CPU.Build.0 = Debug|Any CPU
		{F66C6F95-95EE-484F-8B72-5EEA90FD73A1}.Release|Any CPU.ActiveCfg = Release|Any CPU
		{F66C6F95-95EE-484F-8B72-5EEA90FD73A1}.Release|Any CPU.Build.0 = Release|Any CPU
		{2AC6C45A-0A74-488B-9872-07DA2CEC60A3}.Debug|Any CPU.ActiveCfg = Debug|Any CPU
		{2AC6C45A-0A74-488B-9872-07DA2CEC60A3}.Debug|Any CPU.Build.0 = Debug|Any CPU
		{2AC6C45A-0A74-488B-9872-07DA2CEC60A3}.Release|Any CPU.ActiveCfg = Release|Any CPU
		{2AC6C45A-0A74-488B-9872-07DA2CEC60A3}.Release|Any CPU.Build.0 = Release|Any CPU
		{4919907B-F157-4C37-91D0-286EF6E6CD45}.Debug|Any CPU.ActiveCfg = Debug|Any CPU
		{4919907B-F157-4C37-91D0-286EF6E6CD45}.Debug|Any CPU.Build.0 = Debug|Any CPU
		{4919907B-F157-4C37-91D0-286EF6E6CD45}.Release|Any CPU.ActiveCfg = Release|Any CPU
		{4919907B-F157-4C37-91D0-286EF6E6CD45}.Release|Any CPU.Build.0 = Release|Any CPU
		{32B7F16B-5281-4212-95B0-6F0AD761BD6F}.Debug|Any CPU.ActiveCfg = Debug|Any CPU
		{32B7F16B-5281-4212-95B0-6F0AD761BD6F}.Debug|Any CPU.Build.0 = Debug|Any CPU
		{32B7F16B-5281-4212-95B0-6F0AD761BD6F}.Release|Any CPU.ActiveCfg = Release|Any CPU
		{32B7F16B-5281-4212-95B0-6F0AD761BD6F}.Release|Any CPU.Build.0 = Release|Any CPU
		{C2DE2B6C-7496-4036-90F6-E17E3FC8DEB2}.Debug|Any CPU.ActiveCfg = Debug|Any CPU
		{C2DE2B6C-7496-4036-90F6-E17E3FC8DEB2}.Debug|Any CPU.Build.0 = Debug|Any CPU
		{C2DE2B6C-7496-4036-90F6-E17E3FC8DEB2}.Release|Any CPU.ActiveCfg = Release|Any CPU
		{C2DE2B6C-7496-4036-90F6-E17E3FC8DEB2}.Release|Any CPU.Build.0 = Release|Any CPU
		{6E3F88E9-AACB-4227-A90F-5637330777FE}.Debug|Any CPU.ActiveCfg = Debug|Any CPU
		{6E3F88E9-AACB-4227-A90F-5637330777FE}.Debug|Any CPU.Build.0 = Debug|Any CPU
		{6E3F88E9-AACB-4227-A90F-5637330777FE}.Release|Any CPU.ActiveCfg = Release|Any CPU
		{6E3F88E9-AACB-4227-A90F-5637330777FE}.Release|Any CPU.Build.0 = Release|Any CPU
		{09848C9C-2BAD-471D-95A7-D73968C299E8}.Debug|Any CPU.ActiveCfg = Debug|Any CPU
		{09848C9C-2BAD-471D-95A7-D73968C299E8}.Debug|Any CPU.Build.0 = Debug|Any CPU
		{09848C9C-2BAD-471D-95A7-D73968C299E8}.Release|Any CPU.ActiveCfg = Release|Any CPU
		{09848C9C-2BAD-471D-95A7-D73968C299E8}.Release|Any CPU.Build.0 = Release|Any CPU
	EndGlobalSection
	GlobalSection(SolutionProperties) = preSolution
		HideSolutionNode = FALSE
	EndGlobalSection
EndGlobal
